
Microsoft Visual Studio Solution File, Format Version 12.00
# Visual Studio Version 16
VisualStudioVersion = 16.0.28803.202
MinimumVisualStudioVersion = 10.0.40219.1
Project("{FAE04EC0-301F-11D3-BF4B-00C04F79EFBC}") = "Tutorial", "Tutorial\Tutorial.csproj", "{BB6D73AF-9B3E-4676-82C1-827729D8C26A}"
EndProject
Global
	GlobalSection(SolutionConfigurationPlatforms) = preSolution
		Debug|Any CPU = Debug|Any CPU
		Release|Any CPU = Release|Any CPU
	EndGlobalSection
	GlobalSection(ProjectConfigurationPlatforms) = postSolution
		{BB6D73AF-9B3E-4676-82C1-827729D8C26A}.Debug|Any CPU.ActiveCfg = Debug|Any CPU
		{BB6D73AF-9B3E-4676-82C1-827729D8C26A}.Debug|Any CPU.Build.0 = Debug|Any CPU
		{BB6D73AF-9B3E-4676-82C1-827729D8C26A}.Release|Any CPU.ActiveCfg = Release|Any CPU
		{BB6D73AF-9B3E-4676-82C1-827729D8C26A}.Release|Any CPU.Build.0 = Release|Any CPU
	EndGlobalSection
	GlobalSection(SolutionProperties) = preSolution
		HideSolutionNode = FALSE
	EndGlobalSection
	GlobalSection(ExtensibilityGlobals) = postSolution
		SolutionGuid = {297B6804-DE65-49D9-B02E-E6BE865BCFDF}
	EndGlobalSection
EndGlobal
